<?xml version="1.0" encoding="utf-8"?>
<Project ToolsVersion="4.0" xmlns="http://schemas.microsoft.com/developer/msbuild/2003">
  <ItemGroup>
    <Filter Include="源文件">
      <UniqueIdentifier>{4FC737F1-C7A5-4376-A066-2A32D752A2FF}</UniqueIdentifier>
      <Extensions>cpp;c;cc;cxx;def;odl;idl;hpj;bat;asm;asmx</Extensions>
    </Filter>
    <Filter Include="头文件">
      <UniqueIdentifier>{93995380-89BD-4b04-88EB-625FBE52EBFB}</UniqueIdentifier>
      <Extensions>h;hh;hpp;hxx;hm;inl;inc;xsd</Extensions>
    </Filter>
    <Filter Include="资源文件">
      <UniqueIdentifier>{67DA6AB6-F800-4c08-8B7A-83BB121AAD01}</UniqueIdentifier>
      <Extensions>rc;ico;cur;bmp;dlg;rc2;rct;bin;rgs;gif;jpg;jpeg;jpe;resx;tiff;tif;png;wav;mfcribbon-ms</Extensions>
    </Filter>
    <Filter Include="cef">
      <UniqueIdentifier>{4087af82-f9da-408a-a057-1d37416a06ce}</UniqueIdentifier>
    </Filter>
    <Filter Include="sdk">
      <UniqueIdentifier>{9ae2f829-67df-4058-8add-22986579c4bb}</UniqueIdentifier>
    </Filter>
  </ItemGroup>
  <ItemGroup>
    <ClCompile Include="main.cpp">
      <Filter>源文件</Filter>
    </ClCompile>
    <ClCompile Include="..\..\UseNCCef\UseNCCef\NCApp.cpp">
      <Filter>cef</Filter>
    </ClCompile>
    <ClCompile Include="..\..\UseNCCef\UseNCCef\NCCef.cpp">
      <Filter>cef</Filter>
    </ClCompile>
    <ClCompile Include="..\..\UseNCCef\UseNCCef\NCHandle.cpp">
      <Filter>cef</Filter>
    </ClCompile>
    <ClCompile Include="..\..\sdk\PiString.cpp">
      <Filter>sdk</Filter>
    </ClCompile>
    <ClCompile Include="..\..\sdk\PiWindowPack.cpp">
      <Filter>sdk</Filter>
    </ClCompile>
    <ClCompile Include="..\..\sdk\DataStruct\PiRect.cpp">
      <Filter>sdk</Filter>
    </ClCompile>
    <ClCompile Include="..\..\sdk\TextStringCut.cpp">
      <Filter>sdk</Filter>
    </ClCompile>
    <ClCompile Include="..\..\sdk\AutoType.cpp">
      <Filter>sdk</Filter>
    </ClCompile>
    <ClCompile Include="..\..\sdk\doString.cpp">
      <Filter>sdk</Filter>
    </ClCompile>
    <ClCompile Include="..\..\..\nc\src\common\sdk\UI\GDIPUtil.cpp">
      <Filter>sdk</Filter>
    </ClCompile>
    <ClCompile Include="..\..\..\nc\src\common\sdk\PathLight.cpp">
      <Filter>sdk</Filter>
    </ClCompile>
    <ClCompile Include="..\..\..\nc\src\common\sdk\FileOpr.cpp">
      <Filter>sdk</Filter>
    </ClCompile>
    <ClCompile Include="..\..\..\nc\src\common\sdk\MD5.cpp">
      <Filter>sdk</Filter>
    </ClCompile>
    <ClCompile Include="..\..\..\nc\src\common\sdk\StrCoding.cpp">
      <Filter>sdk</Filter>
    </ClCompile>
  </ItemGroup>
  <ItemGroup>
    <ClInclude Include="..\..\UseNCCef\UseNCCef\NCApp.h">
      <Filter>cef</Filter>
    </ClInclude>
    <ClInclude Include="..\..\UseNCCef\UseNCCef\NCCef.h">
      <Filter>cef</Filter>
    </ClInclude>
    <ClInclude Include="..\..\UseNCCef\UseNCCef\NCHandle.h">
      <Filter>cef</Filter>
    </ClInclude>
    <ClInclude Include="..\..\sdk\PiString.h">
      <Filter>sdk</Filter>
    </ClInclude>
    <ClInclude Include="..\..\sdk\PiWindowPack.h">
      <Filter>sdk</Filter>
    </ClInclude>
    <ClInclude Include="..\..\sdk\DataStruct\PiRect.h">
      <Filter>sdk</Filter>
    </ClInclude>
    <ClInclude Include="..\..\sdk\TextStringCut.h">
      <Filter>sdk</Filter>
    </ClInclude>
    <ClInclude Include="..\..\sdk\AutoType.h">
      <Filter>sdk</Filter>
    </ClInclude>
    <ClInclude Include="..\..\sdk\doString.h">
      <Filter>sdk</Filter>
    </ClInclude>
    <ClInclude Include="..\..\..\nc\src\common\sdk\UI\GDIPUtil.h">
      <Filter>sdk</Filter>
    </ClInclude>
    <ClInclude Include="..\..\..\nc\src\common\sdk\PathLight.h">
      <Filter>sdk</Filter>
    </ClInclude>
    <ClInclude Include="..\..\..\nc\src\common\sdk\FileOpr.h">
      <Filter>sdk</Filter>
    </ClInclude>
    <ClInclude Include="..\..\..\nc\src\common\sdk\MD5.h">
      <Filter>sdk</Filter>
    </ClInclude>
    <ClInclude Include="..\..\..\nc\src\common\sdk\StrCoding.h">
      <Filter>sdk</Filter>
    </ClInclude>
  </ItemGroup>
</Project>